{
  "name": "mosn",
  "lockfileVersion": 3,
  "requires": true,
  "packages": {
    "": {
      "dependencies": {
        "unique-username-generator": "^1.3.0"
      }
    },
    "node_modules/unique-username-generator": {
      "version": "1.3.0",
      "resolved": "https://registry.npmjs.org/unique-username-generator/-/unique-username-generator-1.3.0.tgz",
      "integrity": "sha512-oPs+Jq9UlXmcrpzrpYvWOWVUVLkJ0/x8zM66ikWEBe1l/hBqXS5fofsDvdScLIlPtqQKlu8/Y91b6T2XtIFubQ==",
      "license": "MIT"
    }
  }
}
